
Microsoft Visual Studio Solution File, Format Version 12.00
# Visual Studio Version 16
VisualStudioVersion = 16.0.30621.155
MinimumVisualStudioVersion = 10.0.40219.1
Project("{FAE04EC0-301F-11D3-BF4B-00C04F79EFBC}") = "KwikMobile.UWP", "KwikMobile\KwikMobile.UWP\KwikMobile.UWP.csproj", "{61BEF132-A9CF-41C3-948F-00A2BA370872}"
EndProject
Project("{FAE04EC0-301F-11D3-BF4B-00C04F79EFBC}") = "KwikMobile.Android", "KwikMobile\KwikMobile.Android\KwikMobile.Android.csproj", "{F2BF7C14-4844-4240-BD99-23F097B39BA1}"
EndProject
Project("{FAE04EC0-301F-11D3-BF4B-00C04F79EFBC}") = "KwikMobile.iOS", "KwikMobile\KwikMobile.iOS\KwikMobile.iOS.csproj", "{0C937FEC-6A3F-4A63-BA9B-10687F180A09}"
EndProject
Project("{FAE04EC0-301F-11D3-BF4B-00C04F79EFBC}") = "KwikMobile", "KwikMobile\KwikMobile\KwikMobile.csproj", "{2BCFB1BD-95BF-47E1-A7CC-3E1C6B7FC078}"
EndProject
Global
	GlobalSection(SolutionConfigurationPlatforms) = preSolution
		Debug|Any CPU = Debug|Any CPU
		Debug|ARM = Debug|ARM
		Debug|iPhone = Debug|iPhone
		Debug|iPhoneSimulator = Debug|iPhoneSimulator
		Debug|x64 = Debug|x64
		Debug|x86 = Debug|x86
		Release|Any CPU = Release|Any CPU
		Release|ARM = Release|ARM
		Release|iPhone = Release|iPhone
		Release|iPhoneSimulator = Release|iPhoneSimulator
		Release|x64 = Release|x64
		Release|x86 = Release|x86
	EndGlobalSection
	GlobalSection(ProjectConfigurationPlatforms) = postSolution
		{61BEF132-A9CF-41C3-948F-00A2BA370872}.Debug|Any CPU.ActiveCfg = Debug|x86
		{61BEF132-A9CF-41C3-948F-00A2BA370872}.Debug|Any CPU.Build.0 = Debug|x86
		{61BEF132-A9CF-41C3-948F-00A2BA370872}.Debug|Any CPU.Deploy.0 = Debug|x86
		{61BEF132-A9CF-41C3-948F-00A2BA370872}.Debug|ARM.ActiveCfg = Debug|ARM
		{61BEF132-A9CF-41C3-948F-00A2BA370872}.Debug|ARM.Build.0 = Debug|ARM
		{61BEF132-A9CF-41C3-948F-00A2BA370872}.Debug|ARM.Deploy.0 = Debug|ARM
		{61BEF132-A9CF-41C3-948F-00A2BA370872}.Debug|iPhone.ActiveCfg = Debug|x86
		{61BEF132-A9CF-41C3-948F-00A2BA370872}.Debug|iPhone.Build.0 = Debug|x86
		{61BEF132-A9CF-41C3-948F-00A2BA370872}.Debug|iPhone.Deploy.0 = Debug|x86
		{61BEF132-A9CF-41C3-948F-00A2BA370872}.Debug|iPhoneSimulator.ActiveCfg = Debug|x86
		{61BEF132-A9CF-41C3-948F-00A2BA370872}.Debug|iPhoneSimulator.Build.0 = Debug|x86
		{61BEF132-A9CF-41C3-948F-00A2BA370872}.Debug|iPhoneSimulator.Deploy.0 = Debug|x86
		{61BEF132-A9CF-41C3-948F-00A2BA370872}.Debug|x64.ActiveCfg = Debug|x64
		{61BEF132-A9CF-41C3-948F-00A2BA370872}.Debug|x64.Build.0 = Debug|x64
		{61BEF132-A9CF-41C3-948F-00A2BA370872}.Debug|x64.Deploy.0 = Debug|x64
		{61BEF132-A9CF-41C3-948F-00A2BA370872}.Debug|x86.ActiveCfg = Debug|x86
		{61BEF132-A9CF-41C3-948F-00A2BA370872}.Debug|x86.Build.0 = Debug|x86
		{61BEF132-A9CF-41C3-948F-00A2BA370872}.Debug|x86.Deploy.0 = Debug|x86
		{61BEF132-A9CF-41C3-948F-00A2BA370872}.Release|Any CPU.ActiveCfg = Release|x86
		{61BEF132-A9CF-41C3-948F-00A2BA370872}.Release|Any CPU.Build.0 = Release|x86
		{61BEF132-A9CF-41C3-948F-00A2BA370872}.Release|Any CPU.Deploy.0 = Release|x86
		{61BEF132-A9CF-41C3-948F-00A2BA370872}.Release|ARM.ActiveCfg = Release|ARM
		{61BEF132-A9CF-41C3-948F-00A2BA370872}.Release|ARM.Build.0 = Release|ARM
		{61BEF132-A9CF-41C3-948F-00A2BA370872}.Release|ARM.Deploy.0 = Release|ARM
		{61BEF132-A9CF-41C3-948F-00A2BA370872}.Release|iPhone.ActiveCfg = Release|x86
		{61BEF132-A9CF-41C3-948F-00A2BA370872}.Release|iPhone.Build.0 = Release|x86
		{61BEF132-A9CF-41C3-948F-00A2BA370872}.Release|iPhone.Deploy.0 = Release|x86
		{61BEF132-A9CF-41C3-948F-00A2BA370872}.Release|iPhoneSimulator.ActiveCfg = Release|x86
		{61BEF132-A9CF-41C3-948F-00A2BA370872}.Release|iPhoneSimulator.Build.0 = Release|x86
		{61BEF132-A9CF-41C3-948F-00A2BA370872}.Release|iPhoneSimulator.Deploy.0 = Release|x86
		{61BEF132-A9CF-41C3-948F-00A2BA370872}.Release|x64.ActiveCfg = Release|x64
		{61BEF132-A9CF-41C3-948F-00A2BA370872}.Release|x64.Build.0 = Release|x64
		{61BEF132-A9CF-41C3-948F-00A2BA370872}.Release|x64.Deploy.0 = Release|x64
		{61BEF132-A9CF-41C3-948F-00A2BA370872}.Release|x86.ActiveCfg = Release|x86
		{61BEF132-A9CF-41C3-948F-00A2BA370872}.Release|x86.Build.0 = Release|x86
		{61BEF132-A9CF-41C3-948F-00A2BA370872}.Release|x86.Deploy.0 = Release|x86
		{F2BF7C14-4844-4240-BD99-23F097B39BA1}.Debug|Any CPU.ActiveCfg = Debug|Any CPU
		{F2BF7C14-4844-4240-BD99-23F097B39BA1}.Debug|Any CPU.Build.0 = Debug|Any CPU
		{F2BF7C14-4844-4240-BD99-23F097B39BA1}.Debug|Any CPU.Deploy.0 = Debug|Any CPU
		{F2BF7C14-4844-4240-BD99-23F097B39BA1}.Debug|ARM.ActiveCfg = Debug|Any CPU
		{F2BF7C14-4844-4240-BD99-23F097B39BA1}.Debug|ARM.Build.0 = Debug|Any CPU
		{F2BF7C14-4844-4240-BD99-23F097B39BA1}.Debug|ARM.Deploy.0 = Debug|Any CPU
		{F2BF7C14-4844-4240-BD99-23F097B39BA1}.Debug|iPhone.ActiveCfg = Debug|Any CPU
		{F2BF7C14-4844-4240-BD99-23F097B39BA1}.Debug|iPhone.Build.0 = Debug|Any CPU
		{F2BF7C14-4844-4240-BD99-23F097B39BA1}.Debug|iPhone.Deploy.0 = Debug|Any CPU
		{F2BF7C14-4844-4240-BD99-23F097B39BA1}.Debug|iPhoneSimulator.ActiveCfg = Debug|Any CPU
		{F2BF7C14-4844-4240-BD99-23F097B39BA1}.Debug|iPhoneSimulator.Build.0 = Debug|Any CPU
		{F2BF7C14-4844-4240-BD99-23F097B39BA1}.Debug|iPhoneSimulator.Deploy.0 = Debug|Any CPU
		{F2BF7C14-4844-4240-BD99-23F097B39BA1}.Debug|x64.ActiveCfg = Debug|Any CPU
		{F2BF7C14-4844-4240-BD99-23F097B39BA1}.Debug|x64.Build.0 = Debug|Any CPU
		{F2BF7C14-4844-4240-BD99-23F097B39BA1}.Debug|x64.Deploy.0 = Debug|Any CPU
		{F2BF7C14-4844-4240-BD99-23F097B39BA1}.Debug|x86.ActiveCfg = Debug|Any CPU
		{F2BF7C14-4844-4240-BD99-23F097B39BA1}.Debug|x86.Build.0 = Debug|Any CPU
		{F2BF7C14-4844-4240-BD99-23F097B39BA1}.Debug|x86.Deploy.0 = Debug|Any CPU
		{F2BF7C14-4844-4240-BD99-23F097B39BA1}.Release|Any CPU.ActiveCfg = Release|Any CPU
		{F2BF7C14-4844-4240-BD99-23F097B39BA1}.Release|Any CPU.Build.0 = Release|Any CPU
		{F2BF7C14-4844-4240-BD99-23F097B39BA1}.Release|Any CPU.Deploy.0 = Release|Any CPU
		{F2BF7C14-4844-4240-BD99-23F097B39BA1}.Release|ARM.ActiveCfg = Release|Any CPU
		{F2BF7C14-4844-4240-BD99-23F097B39BA1}.Release|ARM.Build.0 = Release|Any CPU
		{F2BF7C14-4844-4240-BD99-23F097B39BA1}.Release|ARM.Deploy.0 = Release|Any CPU
		{F2BF7C14-4844-4240-BD99-23F097B39BA1}.Release|iPhone.ActiveCfg = Release|Any CPU
		{F2BF7C14-4844-4240-BD99-23F097B39BA1}.Release|iPhone.Build.0 = Release|Any CPU
		{F2BF7C14-4844-4240-BD99-23F097B39BA1}.Release|iPhone.Deploy.0 = Release|Any CPU
		{F2BF7C14-4844-4240-BD99-23F097B39BA1}.Release|iPhoneSimulator.ActiveCfg = Release|Any CPU
		{F2BF7C14-4844-4240-BD99-23F097B39BA1}.Release|iPhoneSimulator.Build.0 = Release|Any CPU
		{F2BF7C14-4844-4240-BD99-23F097B39BA1}.Release|iPhoneSimulator.Deploy.0 = Release|Any CPU
		{F2BF7C14-4844-4240-BD99-23F097B39BA1}.Release|x64.ActiveCfg = Release|Any CPU
		{F2BF7C14-4844-4240-BD99-23F097B39BA1}.Release|x64.Build.0 = Release|Any CPU
		{F2BF7C14-4844-4240-BD99-23F097B39BA1}.Release|x64.Deploy.0 = Release|Any CPU
		{F2BF7C14-4844-4240-BD99-23F097B39BA1}.Release|x86.ActiveCfg = Release|Any CPU
		{F2BF7C14-4844-4240-BD99-23F097B39BA1}.Release|x86.Build.0 = Release|Any CPU
		{F2BF7C14-4844-4240-BD99-23F097B39BA1}.Release|x86.Deploy.0 = Release|Any CPU
		{0C937FEC-6A3F-4A63-BA9B-10687F180A09}.Debug|Any CPU.ActiveCfg = Debug|iPhoneSimulator
		{0C937FEC-6A3F-4A63-BA9B-10687F180A09}.Debug|Any CPU.Build.0 = Debug|iPhoneSimulator
		{0C937FEC-6A3F-4A63-BA9B-10687F180A09}.Debug|Any CPU.Deploy.0 = Debug|iPhoneSimulator
		{0C937FEC-6A3F-4A63-BA9B-10687F180A09}.Debug|ARM.ActiveCfg = Debug|iPhone
		{0C937FEC-6A3F-4A63-BA9B-10687F180A09}.Debug|ARM.Build.0 = Debug|iPhone
		{0C937FEC-6A3F-4A63-BA9B-10687F180A09}.Debug|ARM.Deploy.0 = Debug|iPhone
		{0C937FEC-6A3F-4A63-BA9B-10687F180A09}.Debug|iPhone.ActiveCfg = Debug|iPhone
		{0C937FEC-6A3F-4A63-BA9B-10687F180A09}.Debug|iPhone.Build.0 = Debug|iPhone
		{0C937FEC-6A3F-4A63-BA9B-10687F180A09}.Debug|iPhone.Deploy.0 = Debug|iPhone
		{0C937FEC-6A3F-4A63-BA9B-10687F180A09}.Debug|iPhoneSimulator.ActiveCfg = Debug|iPhoneSimulator
		{0C937FEC-6A3F-4A63-BA9B-10687F180A09}.Debug|iPhoneSimulator.Build.0 = Debug|iPhoneSimulator
		{0C937FEC-6A3F-4A63-BA9B-10687F180A09}.Debug|iPhoneSimulator.Deploy.0 = Debug|iPhoneSimulator
		{0C937FEC-6A3F-4A63-BA9B-10687F180A09}.Debug|x64.ActiveCfg = Debug|iPhoneSimulator
		{0C937FEC-6A3F-4A63-BA9B-10687F180A09}.Debug|x64.Build.0 = Debug|iPhoneSimulator
		{0C937FEC-6A3F-4A63-BA9B-10687F180A09}.Debug|x64.Deploy.0 = Debug|iPhoneSimulator
		{0C937FEC-6A3F-4A63-BA9B-10687F180A09}.Debug|x86.ActiveCfg = Debug|iPhoneSimulator
		{0C937FEC-6A3F-4A63-BA9B-10687F180A09}.Debug|x86.Build.0 = Debug|iPhoneSimulator
		{0C937FEC-6A3F-4A63-BA9B-10687F180A09}.Debug|x86.Deploy.0 = Debug|iPhoneSimulator
		{0C937FEC-6A3F-4A63-BA9B-10687F180A09}.Release|Any CPU.ActiveCfg = Release|iPhoneSimulator
		{0C937FEC-6A3F-4A63-BA9B-10687F180A09}.Release|Any CPU.Build.0 = Release|iPhoneSimulator
		{0C937FEC-6A3F-4A63-BA9B-10687F180A09}.Release|Any CPU.Deploy.0 = Release|iPhoneSimulator
		{0C937FEC-6A3F-4A63-BA9B-10687F180A09}.Release|ARM.ActiveCfg = Release|iPhoneSimulator
		{0C937FEC-6A3F-4A63-BA9B-10687F180A09}.Release|ARM.Build.0 = Release|iPhoneSimulator
		{0C937FEC-6A3F-4A63-BA9B-10687F180A09}.Release|ARM.Deploy.0 = Release|iPhoneSimulator
		{0C937FEC-6A3F-4A63-BA9B-10687F180A09}.Release|iPhone.ActiveCfg = Release|iPhone
		{0C937FEC-6A3F-4A63-BA9B-10687F180A09}.Release|iPhone.Build.0 = Release|iPhone
		{0C937FEC-6A3F-4A63-BA9B-10687F180A09}.Release|iPhone.Deploy.0 = Release|iPhone
		{0C937FEC-6A3F-4A63-BA9B-10687F180A09}.Release|iPhoneSimulator.ActiveCfg = Release|iPhoneSimulator
		{0C937FEC-6A3F-4A63-BA9B-10687F180A09}.Release|iPhoneSimulator.Build.0 = Release|iPhoneSimulator
		{0C937FEC-6A3F-4A63-BA9B-10687F180A09}.Release|iPhoneSimulator.Deploy.0 = Release|iPhoneSimulator
		{0C937FEC-6A3F-4A63-BA9B-10687F180A09}.Release|x64.ActiveCfg = Release|iPhoneSimulator
		{0C937FEC-6A3F-4A63-BA9B-10687F180A09}.Release|x64.Build.0 = Release|iPhoneSimulator
		{0C937FEC-6A3F-4A63-BA9B-10687F180A09}.Release|x64.Deploy.0 = Release|iPhoneSimulator
		{0C937FEC-6A3F-4A63-BA9B-10687F180A09}.Release|x86.ActiveCfg = Release|iPhoneSimulator
		{0C937FEC-6A3F-4A63-BA9B-10687F180A09}.Release|x86.Build.0 = Release|iPhoneSimulator
		{0C937FEC-6A3F-4A63-BA9B-10687F180A09}.Release|x86.Deploy.0 = Release|iPhoneSimulator
		{2BCFB1BD-95BF-47E1-A7CC-3E1C6B7FC078}.Debug|Any CPU.ActiveCfg = Debug|Any CPU
		{2BCFB1BD-95BF-47E1-A7CC-3E1C6B7FC078}.Debug|Any CPU.Build.0 = Debug|Any CPU
		{2BCFB1BD-95BF-47E1-A7CC-3E1C6B7FC078}.Debug|Any CPU.Deploy.0 = Debug|Any CPU
		{2BCFB1BD-95BF-47E1-A7CC-3E1C6B7FC078}.Debug|ARM.ActiveCfg = Debug|Any CPU
		{2BCFB1BD-95BF-47E1-A7CC-3E1C6B7FC078}.Debug|ARM.Build.0 = Debug|Any CPU
		{2BCFB1BD-95BF-47E1-A7CC-3E1C6B7FC078}.Debug|ARM.Deploy.0 = Debug|Any CPU
		{2BCFB1BD-95BF-47E1-A7CC-3E1C6B7FC078}.Debug|iPhone.ActiveCfg = Debug|Any CPU
		{2BCFB1BD-95BF-47E1-A7CC-3E1C6B7FC078}.Debug|iPhone.Build.0 = Debug|Any CPU
		{2BCFB1BD-95BF-47E1-A7CC-3E1C6B7FC078}.Debug|iPhone.Deploy.0 = Debug|Any CPU
		{2BCFB1BD-95BF-47E1-A7CC-3E1C6B7FC078}.Debug|iPhoneSimulator.ActiveCfg = Debug|Any CPU
		{2BCFB1BD-95BF-47E1-A7CC-3E1C6B7FC078}.Debug|iPhoneSimulator.Build.0 = Debug|Any CPU
		{2BCFB1BD-95BF-47E1-A7CC-3E1C6B7FC078}.Debug|iPhoneSimulator.Deploy.0 = Debug|Any CPU
		{2BCFB1BD-95BF-47E1-A7CC-3E1C6B7FC078}.Debug|x64.ActiveCfg = Debug|Any CPU
		{2BCFB1BD-95BF-47E1-A7CC-3E1C6B7FC078}.Debug|x64.Build.0 = Debug|Any CPU
		{2BCFB1BD-95BF-47E1-A7CC-3E1C6B7FC078}.Debug|x64.Deploy.0 = Debug|Any CPU
		{2BCFB1BD-95BF-47E1-A7CC-3E1C6B7FC078}.Debug|x86.ActiveCfg = Debug|Any CPU
		{2BCFB1BD-95BF-47E1-A7CC-3E1C6B7FC078}.Debug|x86.Build.0 = Debug|Any CPU
		{2BCFB1BD-95BF-47E1-A7CC-3E1C6B7FC078}.Debug|x86.Deploy.0 = Debug|Any CPU
		{2BCFB1BD-95BF-47E1-A7CC-3E1C6B7FC078}.Release|Any CPU.ActiveCfg = Release|Any CPU
		{2BCFB1BD-95BF-47E1-A7CC-3E1C6B7FC078}.Release|Any CPU.Build.0 = Release|Any CPU
		{2BCFB1BD-95BF-47E1-A7CC-3E1C6B7FC078}.Release|Any CPU.Deploy.0 = Release|Any CPU
		{2BCFB1BD-95BF-47E1-A7CC-3E1C6B7FC078}.Release|ARM.ActiveCfg = Release|Any CPU
		{2BCFB1BD-95BF-47E1-A7CC-3E1C6B7FC078}.Release|ARM.Build.0 = Release|Any CPU
		{2BCFB1BD-95BF-47E1-A7CC-3E1C6B7FC078}.Release|ARM.Deploy.0 = Release|Any CPU
		{2BCFB1BD-95BF-47E1-A7CC-3E1C6B7FC078}.Release|iPhone.ActiveCfg = Release|Any CPU
		{2BCFB1BD-95BF-47E1-A7CC-3E1C6B7FC078}.Release|iPhone.Build.0 = Release|Any CPU
		{2BCFB1BD-95BF-47E1-A7CC-3E1C6B7FC078}.Release|iPhone.Deploy.0 = Release|Any CPU
		{2BCFB1BD-95BF-47E1-A7CC-3E1C6B7FC078}.Release|iPhoneSimulator.ActiveCfg = Release|Any CPU
		{2BCFB1BD-95BF-47E1-A7CC-3E1C6B7FC078}.Release|iPhoneSimulator.Build.0 = Release|Any CPU
		{2BCFB1BD-95BF-47E1-A7CC-3E1C6B7FC078}.Release|iPhoneSimulator.Deploy.0 = Release|Any CPU
		{2BCFB1BD-95BF-47E1-A7CC-3E1C6B7FC078}.Release|x64.ActiveCfg = Release|Any CPU
		{2BCFB1BD-95BF-47E1-A7CC-3E1C6B7FC078}.Release|x64.Build.0 = Release|Any CPU
		{2BCFB1BD-95BF-47E1-A7CC-3E1C6B7FC078}.Release|x64.Deploy.0 = Release|Any CPU
		{2BCFB1BD-95BF-47E1-A7CC-3E1C6B7FC078}.Release|x86.ActiveCfg = Release|Any CPU
		{2BCFB1BD-95BF-47E1-A7CC-3E1C6B7FC078}.Release|x86.Build.0 = Release|Any CPU
		{2BCFB1BD-95BF-47E1-A7CC-3E1C6B7FC078}.Release|x86.Deploy.0 = Release|Any CPU
	EndGlobalSection
	GlobalSection(SolutionProperties) = preSolution
		HideSolutionNode = FALSE
	EndGlobalSection
	GlobalSection(ExtensibilityGlobals) = postSolution
		SolutionGuid = {F6EF59C6-80EF-4E29-870F-728904C0B5FE}
	EndGlobalSection
EndGlobal
